{
  "requires": true,
  "lockfileVersion": 1,
  "dependencies": {
    "@snowpack/plugin-svelte": {
      "version": "3.5.2",
      "resolved": "https://artifactory.bettermg.com/artifactory/api/npm/npm/@snowpack/plugin-svelte/-/plugin-svelte-3.5.2.tgz",
      "integrity": "sha1-FE1v+XFs5oeP/rpngR6YssN0Tn0=",
      "dev": true,
      "requires": {
        "rollup-plugin-svelte": "^7.0.0",
        "svelte-hmr": "^0.12.1",
        "svelte-preprocess": "^4.6.0"
      }
    },
    "@types/node": {
      "version": "14.14.31",
      "resolved": "https://artifactory.bettermg.com/artifactory/api/npm/npm/@types/node/-/node-14.14.31.tgz",
      "integrity": "sha1-cihr0z0TeqDRUtR+x8F2JWPTQFU=",
      "dev": true
    },
    "@types/pug": {
      "version": "2.0.4",
      "resolved": "https://artifactory.bettermg.com/artifactory/api/npm/npm/@types/pug/-/pug-2.0.4.tgz",
      "integrity": "sha1-h3L80EGOPNLMFxVV1zAHQVBR9LI=",
      "dev": true
    },
    "@types/sass": {
      "version": "1.16.0",
      "resolved": "https://artifactory.bettermg.com/artifactory/api/npm/npm/@types/sass/-/sass-1.16.0.tgz",
      "integrity": "sha1-tBrBwX+mj/tX1D4jYEhu9Saz1X0=",
      "dev": true,
      "requires": {
        "@types/node": "*"
      }
    },
    "big-integer": {
      "version": "1.6.48",
      "resolved": "https://artifactory.bettermg.com/artifactory/api/npm/npm/big-integer/-/big-integer-1.6.48.tgz",
      "integrity": "sha1-j9iL0WMsukocjD49cVnwi7lbS54=",
      "dev": true
    },
    "bplist-parser": {
      "version": "0.1.1",
      "resolved": "https://artifactory.bettermg.com/artifactory/api/npm/npm/bplist-parser/-/bplist-parser-0.1.1.tgz",
      "integrity": "sha1-1g1dzCDLptx+HymbNdPh+V2vuuY=",
      "dev": true,
      "requires": {
        "big-integer": "^1.6.7"
      }
    },
    "default-browser-id": {
      "version": "2.0.0",
      "resolved": "https://artifactory.bettermg.com/artifactory/api/npm/npm/default-browser-id/-/default-browser-id-2.0.0.tgz",
      "integrity": "sha1-AezONxpx6F8VoXF354YwR+c9vn0=",
      "dev": true,
      "requires": {
        "bplist-parser": "^0.1.0",
        "pify": "^2.3.0",
        "untildify": "^2.0.0"
      }
    },
    "detect-indent": {
      "version": "6.0.0",
      "resolved": "https://artifactory.bettermg.com/artifactory/api/npm/npm/detect-indent/-/detect-indent-6.0.0.tgz",
      "integrity": "sha1-Cr0PVJ9p/GZZolT+lnhhhrb1KP0=",
      "dev": true
    },
    "esbuild": {
      "version": "0.8.55",
      "resolved": "https://artifactory.bettermg.com/artifactory/api/npm/npm/esbuild/-/esbuild-0.8.55.tgz",
      "integrity": "sha1-S/lJxE20/8KiBqwMAC6OlO7P99U=",
      "dev": true
    },
    "estree-walker": {
      "version": "0.6.1",
      "resolved": "https://artifactory.bettermg.com/artifactory/api/npm/npm/estree-walker/-/estree-walker-0.6.1.tgz",
      "integrity": "sha1-UwSRQ/QMbrkYsjZx0f4yGfOhs2I=",
      "dev": true
    },
    "eventemitter3": {
      "version": "4.0.7",
      "resolved": "https://artifactory.bettermg.com/artifactory/api/npm/npm/eventemitter3/-/eventemitter3-4.0.7.tgz",
      "integrity": "sha1-Lem2j2Uo1WRO9cWVJqG0oHMGFp8="
    },
    "follow-redirects": {
      "version": "1.13.3",
      "resolved": "https://artifactory.bettermg.com/artifactory/api/npm/npm/follow-redirects/-/follow-redirects-1.13.3.tgz",
      "integrity": "sha1-5VmK1QF0wbxOhyMB6CrCzZf5Amc="
    },
    "fsevents": {
      "version": "2.3.2",
      "resolved": "https://artifactory.bettermg.com/artifactory/api/npm/npm/fsevents/-/fsevents-2.3.2.tgz",
      "integrity": "sha1-ilJveLj99GI7cJ4Ll1xSwkwC/Ro=",
      "dev": true,
      "optional": true
    },
    "function-bind": {
      "version": "1.1.1",
      "resolved": "https://artifactory.bettermg.com/artifactory/api/npm/npm/function-bind/-/function-bind-1.1.1.tgz",
      "integrity": "sha1-pWiZ0+o8m6uHS7l3O3xe3pL0iV0=",
      "dev": true
    },
    "has": {
      "version": "1.0.3",
      "resolved": "https://artifactory.bettermg.com/artifactory/api/npm/npm/has/-/has-1.0.3.tgz",
      "integrity": "sha1-ci18v8H2qoJB8W3YFOAR4fQeh5Y=",
      "dev": true,
      "requires": {
        "function-bind": "^1.1.1"
      }
    },
    "http-proxy": {
      "version": "1.18.1",
      "resolved": "https://artifactory.bettermg.com/artifactory/api/npm/npm/http-proxy/-/http-proxy-1.18.1.tgz",
      "integrity": "sha1-QBVB8FNIhLv5UmAzTnL4juOXZUk=",
      "requires": {
        "eventemitter3": "^4.0.0",
        "follow-redirects": "^1.0.0",
        "requires-port": "^1.0.0"
      }
    },
    "is-core-module": {
      "version": "2.2.0",
      "resolved": "https://artifactory.bettermg.com/artifactory/api/npm/npm/is-core-module/-/is-core-module-2.2.0.tgz",
      "integrity": "sha1-lwN+89UiJNhRY/VZeytj2a/tmBo=",
      "dev": true,
      "requires": {
        "has": "^1.0.3"
      }
    },
    "is-docker": {
      "version": "2.1.1",
      "resolved": "https://artifactory.bettermg.com/artifactory/api/npm/npm/is-docker/-/is-docker-2.1.1.tgz",
      "integrity": "sha1-QSWojkTkUNOE4JBH7eca3C0UQVY=",
      "dev": true
    },
    "is-wsl": {
      "version": "2.2.0",
      "resolved": "https://artifactory.bettermg.com/artifactory/api/npm/npm/is-wsl/-/is-wsl-2.2.0.tgz",
      "integrity": "sha1-dKTHbnfKn9P5MvKQwX6jJs0VcnE=",
      "dev": true,
      "requires": {
        "is-docker": "^2.0.0"
      }
    },
    "min-indent": {
      "version": "1.0.1",
      "resolved": "https://artifactory.bettermg.com/artifactory/api/npm/npm/min-indent/-/min-indent-1.0.1.tgz",
      "integrity": "sha1-pj9oFnOzBXH76LwlaGrnRu76mGk=",
      "dev": true
    },
    "open": {
      "version": "7.4.2",
      "resolved": "https://artifactory.bettermg.com/artifactory/api/npm/npm/open/-/open-7.4.2.tgz",
      "integrity": "sha1-uBR+Jtzz5CYxbHMAif1x7dKcIyE=",
      "dev": true,
      "requires": {
        "is-docker": "^2.0.0",
        "is-wsl": "^2.1.1"
      }
    },
    "os-homedir": {
      "version": "1.0.2",
      "resolved": "https://artifactory.bettermg.com/artifactory/api/npm/npm/os-homedir/-/os-homedir-1.0.2.tgz",
      "integrity": "sha1-/7xJiDNuDoM94MFox+8VISGqf7M=",
      "dev": true
    },
    "path-parse": {
      "version": "1.0.6",
      "resolved": "https://artifactory.bettermg.com/artifactory/api/npm/npm/path-parse/-/path-parse-1.0.6.tgz",
      "integrity": "sha1-1i27VnlAXXLEc37FhgDp3c8G0kw=",
      "dev": true
    },
    "pify": {
      "version": "2.3.0",
      "resolved": "https://artifactory.bettermg.com/artifactory/api/npm/npm/pify/-/pify-2.3.0.tgz",
      "integrity": "sha1-7RQaasBDqEnqWISY59yosVMw6Qw=",
      "dev": true
    },
    "require-relative": {
      "version": "0.8.7",
      "resolved": "https://artifactory.bettermg.com/artifactory/api/npm/npm/require-relative/-/require-relative-0.8.7.tgz",
      "integrity": "sha1-eZlTn8ngR6N5KPoZb44VY9q9Nt4=",
      "dev": true
    },
    "requires-port": {
      "version": "1.0.0",
      "resolved": "https://artifactory.bettermg.com/artifactory/api/npm/npm/requires-port/-/requires-port-1.0.0.tgz",
      "integrity": "sha1-kl0mAdOaxIXgkc8NpcbmlNw9yv8="
    },
    "resolve": {
      "version": "1.20.0",
      "resolved": "https://artifactory.bettermg.com/artifactory/api/npm/npm/resolve/-/resolve-1.20.0.tgz",
      "integrity": "sha1-YpoBP7P3B1XW8LeTXMHCxTeLGXU=",
      "dev": true,
      "requires": {
        "is-core-module": "^2.2.0",
        "path-parse": "^1.0.6"
      }
    },
    "rollup": {
      "version": "2.40.0",
      "resolved": "https://artifactory.bettermg.com/artifactory/api/npm/npm/rollup/-/rollup-2.40.0.tgz",
      "integrity": "sha1-78IY6u3nq1kJVN9Q+WGVGImZwwQ=",
      "dev": true,
      "requires": {
        "fsevents": "~2.3.1"
      }
    },
    "rollup-plugin-svelte": {
      "version": "7.1.0",
      "resolved": "https://artifactory.bettermg.com/artifactory/api/npm/npm/rollup-plugin-svelte/-/rollup-plugin-svelte-7.1.0.tgz",
      "integrity": "sha1-1F8rkrEBS+TrRrVaoDP7mpxl8E0=",
      "dev": true,
      "requires": {
        "require-relative": "^0.8.7",
        "rollup-pluginutils": "^2.8.2"
      }
    },
    "rollup-pluginutils": {
      "version": "2.8.2",
      "resolved": "https://artifactory.bettermg.com/artifactory/api/npm/npm/rollup-pluginutils/-/rollup-pluginutils-2.8.2.tgz",
      "integrity": "sha1-cvKvB0i1kjZNvTOJ5gDlqURKNR4=",
      "dev": true,
      "requires": {
        "estree-walker": "^0.6.1"
      }
    },
    "snowpack": {
      "version": "3.0.13",
      "resolved": "https://artifactory.bettermg.com/artifactory/api/npm/npm/snowpack/-/snowpack-3.0.13.tgz",
      "integrity": "sha1-JeZDSxhtkW9psLrmMlvaTxRRwDU=",
      "dev": true,
      "requires": {
        "default-browser-id": "^2.0.0",
        "esbuild": "^0.8.7",
        "fsevents": "^2.2.0",
        "open": "^7.0.4",
        "resolve": "^1.20.0",
        "rollup": "^2.34.0"
      }
    },
    "strip-indent": {
      "version": "3.0.0",
      "resolved": "https://artifactory.bettermg.com/artifactory/api/npm/npm/strip-indent/-/strip-indent-3.0.0.tgz",
      "integrity": "sha1-wy4c7pQLazQyx3G8LFS8znPNMAE=",
      "dev": true,
      "requires": {
        "min-indent": "^1.0.0"
      }
    },
    "svelte": {
      "version": "3.35.0",
      "resolved": "https://artifactory.bettermg.com/artifactory/api/npm/npm/svelte/-/svelte-3.35.0.tgz",
      "integrity": "sha1-4NC6YMSFIYHCtP2FEZS+b9pJPmU="
    },
    "svelte-hmr": {
      "version": "0.12.9",
      "resolved": "https://artifactory.bettermg.com/artifactory/api/npm/npm/svelte-hmr/-/svelte-hmr-0.12.9.tgz",
      "integrity": "sha1-4yO3EGKlm/S3PS1afMgNuiViF+E=",
      "dev": true
    },
    "svelte-preprocess": {
      "version": "4.6.9",
      "resolved": "https://artifactory.bettermg.com/artifactory/api/npm/npm/svelte-preprocess/-/svelte-preprocess-4.6.9.tgz",
      "integrity": "sha1-Bz2SPrNRuYtsakVLpf7umBzZ2/U=",
      "dev": true,
      "requires": {
        "@types/pug": "^2.0.4",
        "@types/sass": "^1.16.0",
        "detect-indent": "^6.0.0",
        "strip-indent": "^3.0.0"
      }
    },
    "untildify": {
      "version": "2.1.0",
      "resolved": "https://artifactory.bettermg.com/artifactory/api/npm/npm/untildify/-/untildify-2.1.0.tgz",
      "integrity": "sha1-F+soB5h/dpUunASF/DEdBqgmouA=",
      "dev": true,
      "requires": {
        "os-homedir": "^1.0.0"
      }
    }
  }
}
